
Microsoft Visual Studio Solution File, Format Version 12.00
# Visual Studio Version 16
VisualStudioVersion = 16.0.31702.126
MinimumVisualStudioVersion = 10.0.40219.1
Project("{9A19103F-16F7-4668-BE54-9A1E7A4F7556}") = "PowerUserRegistered.API", "PowerUserRegistered.API\PowerUserRegistered.API.csproj", "{9F07780D-1479-4F25-9279-58CE532EF960}"
EndProject
Project("{00D1A9C2-B5F0-4AF3-8072-F6C62B433612}") = "PowerUserRegistered.DB", "PowerUserRegistered.DB\PowerUserRegistered.DB.sqlproj", "{637E1219-BB43-4FEF-94A4-6874FBD85494}"
EndProject
Project("{FAE04EC0-301F-11D3-BF4B-00C04F79EFBC}") = "PowerUserRegistered.DAL", "PowerUserRegistered.DAL\PowerUserRegistered.DAL.csproj", "{39D5E377-897E-42A7-BFDA-FB7108926F94}"
EndProject
Project("{FAE04EC0-301F-11D3-BF4B-00C04F79EFBC}") = "Console_Test", "Console_Test\Console_Test.csproj", "{9694041A-9E0F-4511-9AD6-D258B01ED05B}"
EndProject
Global
	GlobalSection(SolutionConfigurationPlatforms) = preSolution
		Debug|Any CPU = Debug|Any CPU
		Release|Any CPU = Release|Any CPU
	EndGlobalSection
	GlobalSection(ProjectConfigurationPlatforms) = postSolution
		{9F07780D-1479-4F25-9279-58CE532EF960}.Debug|Any CPU.ActiveCfg = Debug|Any CPU
		{9F07780D-1479-4F25-9279-58CE532EF960}.Debug|Any CPU.Build.0 = Debug|Any CPU
		{9F07780D-1479-4F25-9279-58CE532EF960}.Release|Any CPU.ActiveCfg = Release|Any CPU
		{9F07780D-1479-4F25-9279-58CE532EF960}.Release|Any CPU.Build.0 = Release|Any CPU
		{637E1219-BB43-4FEF-94A4-6874FBD85494}.Debug|Any CPU.ActiveCfg = Debug|Any CPU
		{637E1219-BB43-4FEF-94A4-6874FBD85494}.Debug|Any CPU.Build.0 = Debug|Any CPU
		{637E1219-BB43-4FEF-94A4-6874FBD85494}.Debug|Any CPU.Deploy.0 = Debug|Any CPU
		{637E1219-BB43-4FEF-94A4-6874FBD85494}.Release|Any CPU.ActiveCfg = Release|Any CPU
		{637E1219-BB43-4FEF-94A4-6874FBD85494}.Release|Any CPU.Build.0 = Release|Any CPU
		{637E1219-BB43-4FEF-94A4-6874FBD85494}.Release|Any CPU.Deploy.0 = Release|Any CPU
		{39D5E377-897E-42A7-BFDA-FB7108926F94}.Debug|Any CPU.ActiveCfg = Debug|Any CPU
		{39D5E377-897E-42A7-BFDA-FB7108926F94}.Debug|Any CPU.Build.0 = Debug|Any CPU
		{39D5E377-897E-42A7-BFDA-FB7108926F94}.Release|Any CPU.ActiveCfg = Release|Any CPU
		{39D5E377-897E-42A7-BFDA-FB7108926F94}.Release|Any CPU.Build.0 = Release|Any CPU
		{9694041A-9E0F-4511-9AD6-D258B01ED05B}.Debug|Any CPU.ActiveCfg = Debug|Any CPU
		{9694041A-9E0F-4511-9AD6-D258B01ED05B}.Debug|Any CPU.Build.0 = Debug|Any CPU
		{9694041A-9E0F-4511-9AD6-D258B01ED05B}.Release|Any CPU.ActiveCfg = Release|Any CPU
		{9694041A-9E0F-4511-9AD6-D258B01ED05B}.Release|Any CPU.Build.0 = Release|Any CPU
	EndGlobalSection
	GlobalSection(SolutionProperties) = preSolution
		HideSolutionNode = FALSE
	EndGlobalSection
	GlobalSection(ExtensibilityGlobals) = postSolution
		SolutionGuid = {0B393FC4-887F-4380-81AB-62417B3AA21A}
	EndGlobalSection
EndGlobal
